
Microsoft Visual Studio Solution File, Format Version 12.00
# Visual Studio Version 17
VisualStudioVersion = 17.3.32929.385
MinimumVisualStudioVersion = 10.0.40219.1
Project("{FAE04EC0-301F-11D3-BF4B-00C04F79EFBC}") = "Hain_Mvc_Movies", "Hain_Mvc_Movies\Hain_Mvc_Movies.csproj", "{5949086C-6901-4DB1-A912-4F6C2DE38F0E}"
EndProject
Global
	GlobalSection(SolutionConfigurationPlatforms) = preSolution
		Debug|Any CPU = Debug|Any CPU
		Release|Any CPU = Release|Any CPU
	EndGlobalSection
	GlobalSection(ProjectConfigurationPlatforms) = postSolution
		{5949086C-6901-4DB1-A912-4F6C2DE38F0E}.Debug|Any CPU.ActiveCfg = Debug|Any CPU
		{5949086C-6901-4DB1-A912-4F6C2DE38F0E}.Debug|Any CPU.Build.0 = Debug|Any CPU
		{5949086C-6901-4DB1-A912-4F6C2DE38F0E}.Release|Any CPU.ActiveCfg = Release|Any CPU
		{5949086C-6901-4DB1-A912-4F6C2DE38F0E}.Release|Any CPU.Build.0 = Release|Any CPU
	EndGlobalSection
	GlobalSection(SolutionProperties) = preSolution
		HideSolutionNode = FALSE
	EndGlobalSection
	GlobalSection(ExtensibilityGlobals) = postSolution
		SolutionGuid = {EA37FD2C-011F-47D7-8FCF-747C18D83BE2}
	EndGlobalSection
EndGlobal
